
Microsoft Visual Studio Solution File, Format Version 12.00
# Visual Studio Version 17
VisualStudioVersion = 17.11.35327.3
MinimumVisualStudioVersion = 10.0.40219.1
Project("{FAE04EC0-301F-11D3-BF4B-00C04F79EFBC}") = "deneme", "deneme\deneme.csproj", "{55844241-FFE3-4C67-B090-C9FA879EA2EF}"
EndProject
Project("{FAE04EC0-301F-11D3-BF4B-00C04F79EFBC}") = "05_LoopsWithStars", "05_LoopsWithStars\05_LoopsWithStars.csproj", "{3ECC6F66-CA33-48F6-8ACA-CCB7BE6062BF}"
EndProject
Global
	GlobalSection(SolutionConfigurationPlatforms) = preSolution
		Debug|Any CPU = Debug|Any CPU
		Release|Any CPU = Release|Any CPU
	EndGlobalSection
	GlobalSection(ProjectConfigurationPlatforms) = postSolution
		{55844241-FFE3-4C67-B090-C9FA879EA2EF}.Debug|Any CPU.ActiveCfg = Debug|Any CPU
		{55844241-FFE3-4C67-B090-C9FA879EA2EF}.Debug|Any CPU.Build.0 = Debug|Any CPU
		{55844241-FFE3-4C67-B090-C9FA879EA2EF}.Release|Any CPU.ActiveCfg = Release|Any CPU
		{55844241-FFE3-4C67-B090-C9FA879EA2EF}.Release|Any CPU.Build.0 = Release|Any CPU
		{3ECC6F66-CA33-48F6-8ACA-CCB7BE6062BF}.Debug|Any CPU.ActiveCfg = Debug|Any CPU
		{3ECC6F66-CA33-48F6-8ACA-CCB7BE6062BF}.Debug|Any CPU.Build.0 = Debug|Any CPU
		{3ECC6F66-CA33-48F6-8ACA-CCB7BE6062BF}.Release|Any CPU.ActiveCfg = Release|Any CPU
		{3ECC6F66-CA33-48F6-8ACA-CCB7BE6062BF}.Release|Any CPU.Build.0 = Release|Any CPU
	EndGlobalSection
	GlobalSection(SolutionProperties) = preSolution
		HideSolutionNode = FALSE
	EndGlobalSection
	GlobalSection(ExtensibilityGlobals) = postSolution
		SolutionGuid = {E8B88C50-EB2A-4C52-9034-B465A05A2BEB}
	EndGlobalSection
EndGlobal
